
Microsoft Visual Studio Solution File, Format Version 12.00
# Visual Studio Version 17
VisualStudioVersion = 17.6.33815.320
MinimumVisualStudioVersion = 10.0.40219.1
Project("{FAE04EC0-301F-11D3-BF4B-00C04F79EFBC}") = "Lab-08", "Lab-08\Lab-08.csproj", "{7BB3B51E-F807-435A-94EB-FFB1D9A43ABD}"
EndProject
Project("{FAE04EC0-301F-11D3-BF4B-00C04F79EFBC}") = "TestLibrary", "TestLibrary\TestLibrary.csproj", "{B44BBC57-6CF0-49D4-BE40-8900E009144F}"
EndProject
Global
	GlobalSection(SolutionConfigurationPlatforms) = preSolution
		Debug|Any CPU = Debug|Any CPU
		Release|Any CPU = Release|Any CPU
	EndGlobalSection
	GlobalSection(ProjectConfigurationPlatforms) = postSolution
		{7BB3B51E-F807-435A-94EB-FFB1D9A43ABD}.Debug|Any CPU.ActiveCfg = Debug|Any CPU
		{7BB3B51E-F807-435A-94EB-FFB1D9A43ABD}.Debug|Any CPU.Build.0 = Debug|Any CPU
		{7BB3B51E-F807-435A-94EB-FFB1D9A43ABD}.Release|Any CPU.ActiveCfg = Release|Any CPU
		{7BB3B51E-F807-435A-94EB-FFB1D9A43ABD}.Release|Any CPU.Build.0 = Release|Any CPU
		{B44BBC57-6CF0-49D4-BE40-8900E009144F}.Debug|Any CPU.ActiveCfg = Debug|Any CPU
		{B44BBC57-6CF0-49D4-BE40-8900E009144F}.Debug|Any CPU.Build.0 = Debug|Any CPU
		{B44BBC57-6CF0-49D4-BE40-8900E009144F}.Release|Any CPU.ActiveCfg = Release|Any CPU
		{B44BBC57-6CF0-49D4-BE40-8900E009144F}.Release|Any CPU.Build.0 = Release|Any CPU
	EndGlobalSection
	GlobalSection(SolutionProperties) = preSolution
		HideSolutionNode = FALSE
	EndGlobalSection
	GlobalSection(ExtensibilityGlobals) = postSolution
		SolutionGuid = {0C4CADDB-4989-45DF-9BF3-871FDF8C1B3D}
	EndGlobalSection
EndGlobal
